
Microsoft Visual Studio Solution File, Format Version 12.00
# Visual Studio 15
VisualStudioVersion = 15.0.27130.2003
MinimumVisualStudioVersion = 10.0.40219.1
Project("{FAE04EC0-301F-11D3-BF4B-00C04F79EFBC}") = "LoginApp5", "LoginApp5\LoginApp5.csproj", "{3BD5C01B-7E15-486D-95D5-0FD3B45D98BC}"
EndProject
Global
	GlobalSection(SolutionConfigurationPlatforms) = preSolution
		Debug|Any CPU = Debug|Any CPU
		Release|Any CPU = Release|Any CPU
	EndGlobalSection
	GlobalSection(ProjectConfigurationPlatforms) = postSolution
		{3BD5C01B-7E15-486D-95D5-0FD3B45D98BC}.Debug|Any CPU.ActiveCfg = Debug|Any CPU
		{3BD5C01B-7E15-486D-95D5-0FD3B45D98BC}.Debug|Any CPU.Build.0 = Debug|Any CPU
		{3BD5C01B-7E15-486D-95D5-0FD3B45D98BC}.Release|Any CPU.ActiveCfg = Release|Any CPU
		{3BD5C01B-7E15-486D-95D5-0FD3B45D98BC}.Release|Any CPU.Build.0 = Release|Any CPU
	EndGlobalSection
	GlobalSection(SolutionProperties) = preSolution
		HideSolutionNode = FALSE
	EndGlobalSection
	GlobalSection(ExtensibilityGlobals) = postSolution
		SolutionGuid = {20523789-B4F0-4928-AA7C-11EC277C9C34}
	EndGlobalSection
EndGlobal
